
Microsoft Visual Studio Solution File, Format Version 12.00
# Visual Studio Version 17
VisualStudioVersion = 17.6.33829.357
MinimumVisualStudioVersion = 10.0.40219.1
Project("{FAE04EC0-301F-11D3-BF4B-00C04F79EFBC}") = "MVC_FinaLProject2", "MVC_FinaLProject2.csproj", "{ED750095-741E-4161-A2B4-E7128A2835D3}"
EndProject
Global
	GlobalSection(SolutionConfigurationPlatforms) = preSolution
		Debug|Any CPU = Debug|Any CPU
		Release|Any CPU = Release|Any CPU
	EndGlobalSection
	GlobalSection(ProjectConfigurationPlatforms) = postSolution
		{ED750095-741E-4161-A2B4-E7128A2835D3}.Debug|Any CPU.ActiveCfg = Debug|Any CPU
		{ED750095-741E-4161-A2B4-E7128A2835D3}.Debug|Any CPU.Build.0 = Debug|Any CPU
		{ED750095-741E-4161-A2B4-E7128A2835D3}.Release|Any CPU.ActiveCfg = Release|Any CPU
		{ED750095-741E-4161-A2B4-E7128A2835D3}.Release|Any CPU.Build.0 = Release|Any CPU
	EndGlobalSection
	GlobalSection(SolutionProperties) = preSolution
		HideSolutionNode = FALSE
	EndGlobalSection
	GlobalSection(ExtensibilityGlobals) = postSolution
		SolutionGuid = {806A3AB4-EB6C-4D08-AFF1-53353A720C05}
	EndGlobalSection
EndGlobal
